// !$*UTF8*$!
{
	archiveVersion = 1;
	classes = {
	};
	objectVersion = 110;
	objects = {

/* Begin PBXBuildFile section */
		CAF0A0012FA0000000000001 /* FriendsterAPI in Frameworks */ = {isa = PBXBuildFile; productRef = CAF0A0012FA0000000000002 /* FriendsterAPI */; };
/* End PBXBuildFile section */

/* Begin PBXContainerItemProxy section */
		CAF0A0012FA0000000000010 /* PBXContainerItemProxy */ = {
			isa = PBXContainerItemProxy;
			containerPortal = CA682C1230686EC100348BBE /* Project object */;
			proxyType = 1;
			remoteGlobalIDString = CA682C1930686EC100348BBE;
			remoteInfo = Friendster;
		};
/* End PBXContainerItemProxy section */

/* Begin PBXFileReference section */
		CA682C1A30686EC100348BBE /* Friendster.app */ = {isa = PBXFileReference; explicitFileType = wrapper.application; includeInIndex = 0; path = Friendster.app; sourceTree = BUILT_PRODUCTS_DIR; };
		CA682C663069068800348BBE /* FriendsterTests.xctest */ = {isa = PBXFileReference; explicitFileType = wrapper.cfbundle; includeInIndex = 0; path = FriendsterTests.xctest; sourceTree = BUILT_PRODUCTS_DIR; };
/* End PBXFileReference section */

/* Begin PBXFileSystemSynchronizedBuildFileExceptionSet section */
		CA682C2F3068769000348BBE /* Exceptions for "Friendster" folder in "Friendster" target */ = {
			isa = PBXFileSystemSynchronizedBuildFileExceptionSet;
			membershipExceptions = (
				Info.plist,
			);
			target = CA682C1930686EC100348BBE /* Friendster */;
		};
/* End PBXFileSystemSynchronizedBuildFileExceptionSet section */

/* Begin PBXFileSystemSynchronizedRootGroup section */
		CA682C1C30686EC100348BBE /* Friendster */ = {
			isa = PBXFileSystemSynchronizedRootGroup;
			exceptions = (
				CA682C2F3068769000348BBE /* Exceptions for "Friendster" folder in "Friendster" target */,
			);
			path = Friendster;
			sourceTree = "<group>";
		};
		CA682C673069068800348BBE /* FriendsterTests */ = {
			isa = PBXFileSystemSynchronizedRootGroup;
			path = FriendsterTests;
			sourceTree = "<group>";
		};
/* End PBXFileSystemSynchronizedRootGroup section */

/* Begin PBXFrameworksBuildPhase section */
		CA682C1730686EC100348BBE /* Frameworks */ = {
			isa = PBXFrameworksBuildPhase;
			files = (
				CAF0A0012FA0000000000001 /* FriendsterAPI in Frameworks */,
			);
		};
		CA682C633069068800348BBE /* Frameworks */ = {
			isa = PBXFrameworksBuildPhase;
			files = (
			);
		};
/* End PBXFrameworksBuildPhase section */

/* Begin PBXGroup section */
		CA682C1130686EC100348BBE = {
			isa = PBXGroup;
			children = (
				CA682C1C30686EC100348BBE /* Friendster */,
				CA682C673069068800348BBE /* FriendsterTests */,
				CA682C1B30686EC100348BBE /* Products */,
			);
			sourceTree = "<group>";
		};
		CA682C1B30686EC100348BBE /* Products */ = {
			isa = PBXGroup;
			children = (
				CA682C1A30686EC100348BBE /* Friendster.app */,
				CA682C663069068800348BBE /* FriendsterTests.xctest */,
			);
			name = Products;
			sourceTree = "<group>";
		};
/* End PBXGroup section */

/* Begin PBXNativeTarget section */
		CA682C1930686EC100348BBE /* Friendster */ = {
			isa = PBXNativeTarget;
			buildConfigurationList = CA682C2530686EC200348BBE /* Build configuration list for PBXNativeTarget "Friendster" */;
			buildPhases = (
				CA682C1630686EC100348BBE /* Sources */,
				CA682C1730686EC100348BBE /* Frameworks */,
				CA682C1830686EC100348BBE /* Resources */,
			);
			buildRules = (
			);
			fileSystemSynchronizedGroups = (
				CA682C1C30686EC100348BBE /* Friendster */,
			);
			name = Friendster;
			packageProductDependencies = (
				CAF0A0012FA0000000000002 /* FriendsterAPI */,
			);
			productName = Friendster;
			productReference = CA682C1A30686EC100348BBE /* Friendster.app */;
			productType = "com.apple.product-type.application";
		};
		CA682C653069068800348BBE /* FriendsterTests */ = {
			isa = PBXNativeTarget;
			buildConfigurationList = CA682C6A3069068800348BBE /* Build configuration list for PBXNativeTarget "FriendsterTests" */;
			buildPhases = (
				CA682C623069068800348BBE /* Sources */,
				CA682C633069068800348BBE /* Frameworks */,
				CA682C643069068800348BBE /* Resources */,
			);
			buildRules = (
			);
			dependencies = (
				CAF0A0012FA0000000000011 /* PBXTargetDependency */,
			);
			fileSystemSynchronizedGroups = (
				CA682C673069068800348BBE /* FriendsterTests */,
			);
			name = FriendsterTests;
			productName = FriendsterTests;
			productReference = CA682C663069068800348BBE /* FriendsterTests.xctest */;
			productType = "com.apple.product-type.bundle.unit-test";
		};
/* End PBXNativeTarget section */

/* Begin PBXProject section */
		CA682C1230686EC100348BBE /* Project object */ = {
			isa = PBXProject;
			attributes = {
				BuildIndependentTargetsInParallel = 1;
				LastSwiftUpdateCheck = 2700;
				LastUpgradeCheck = 2700;
				TargetAttributes = {
					CA682C1930686EC100348BBE = {
						CreatedOnToolsVersion = 27.0;
					};
					CA682C653069068800348BBE = {
						CreatedOnToolsVersion = 27.0;
						TestTargetID = CA682C1930686EC100348BBE;
					};
				};
			};
			buildConfigurationList = CA682C1530686EC100348BBE /* Build configuration list for PBXProject "Friendster" */;
			developmentRegion = en;
			hasScannedForEncodings = 0;
			knownRegions = (
				en,
				Base,
			);
			mainGroup = CA682C1130686EC100348BBE;
			minimizedProjectReferenceProxies = 1;
			packageReferences = (
				CAF0A0012FA0000000000003 /* XCLocalSwiftPackageReference "Shared/FriendsterAPI" */,
			);
			preferredProjectObjectVersion = 77;
			productRefGroup = CA682C1B30686EC100348BBE /* Products */;
			projectDirPath = "";
			projectRoot = "";
			targets = (
				CA682C1930686EC100348BBE /* Friendster */,
				CA682C653069068800348BBE /* FriendsterTests */,
			);
		};
/* End PBXProject section */

/* Begin PBXResourcesBuildPhase section */
		CA682C1830686EC100348BBE /* Resources */ = {
			isa = PBXResourcesBuildPhase;
			files = (
			);
		};
		CA682C643069068800348BBE /* Resources */ = {
			isa = PBXResourcesBuildPhase;
			files = (
			);
		};
/* End PBXResourcesBuildPhase section */

/* Begin PBXSourcesBuildPhase section */
		CA682C1630686EC100348BBE /* Sources */ = {
			isa = PBXSourcesBuildPhase;
			files = (
			);
		};
		CA682C623069068800348BBE /* Sources */ = {
			isa = PBXSourcesBuildPhase;
			files = (
			);
		};
/* End PBXSourcesBuildPhase section */

/* Begin PBXTargetDependency section */
		CAF0A0012FA0000000000011 /* PBXTargetDependency */ = {
			isa = PBXTargetDependency;
			target = CA682C1930686EC100348BBE /* Friendster */;
			targetProxy = CAF0A0012FA0000000000010 /* PBXContainerItemProxy */;
		};
/* End PBXTargetDependency section */

/* Begin XCBuildConfiguration section */
		CA682C2330686EC200348BBE /* Debug configuration for PBXProject "Friendster" */ = {
			isa = XCBuildConfiguration;
			buildSettings = {
				ALWAYS_SEARCH_USER_PATHS = NO;
				ASSETCATALOG_COMPILER_GENERATE_SWIFT_ASSET_SYMBOL_EXTENSIONS = YES;
				CLANG_ANALYZER_NONNULL = YES;
				CLANG_ANALYZER_NUMBER_OBJECT_CONVERSION = YES_AGGRESSIVE;
				CLANG_CXX_LANGUAGE_STANDARD = "gnu++20";
				CLANG_ENABLE_MODULES = YES;
				CLANG_ENABLE_OBJC_ARC = YES;
				CLANG_ENABLE_OBJC_WEAK = YES;
				CLANG_WARN_BLOCK_CAPTURE_AUTORELEASING = YES;
				CLANG_WARN_BOOL_CONVERSION = YES;
				CLANG_WARN_COMMA = YES;
				CLANG_WARN_CONSTANT_CONVERSION = YES;
				CLANG_WARN_DEPRECATED_OBJC_IMPLEMENTATIONS = YES;
				CLANG_WARN_DIRECT_OBJC_ISA_USAGE = YES_ERROR;
				CLANG_WARN_DOCUMENTATION_COMMENTS = YES;
				CLANG_WARN_EMPTY_BODY = YES;
				CLANG_WARN_ENUM_CONVERSION = YES;
				CLANG_WARN_INFINITE_RECURSION = YES;
				CLANG_WARN_INT_CONVERSION = YES;
				CLANG_WARN_NON_LITERAL_NULL_CONVERSION = YES;
				CLANG_WARN_OBJC_IMPLICIT_RETAIN_SELF = YES;
				CLANG_WARN_OBJC_LITERAL_CONVERSION = YES;
				CLANG_WARN_OBJC_ROOT_CLASS = YES_ERROR;
				CLANG_WARN_QUOTED_INCLUDE_IN_FRAMEWORK_HEADER = YES;
				CLANG_WARN_RANGE_LOOP_ANALYSIS = YES;
				CLANG_WARN_STRICT_PROTOTYPES = YES;
				CLANG_WARN_SUSPICIOUS_MOVE = YES;
				CLANG_WARN_UNGUARDED_AVAILABILITY = YES_AGGRESSIVE;
				CLANG_WARN_UNREACHABLE_CODE = YES;
				CLANG_WARN__DUPLICATE_METHOD_MATCH = YES;
				COPY_PHASE_STRIP = NO;
				DEBUG_INFORMATION_FORMAT = dwarf;
				DEVELOPMENT_TEAM = K6C4BU5254;
				ENABLE_STRICT_OBJC_MSGSEND = YES;
				ENABLE_TESTABILITY = YES;
				ENABLE_USER_SCRIPT_SANDBOXING = YES;
				GCC_C_LANGUAGE_STANDARD = gnu17;
				GCC_DYNAMIC_NO_PIC = NO;
				GCC_NO_COMMON_BLOCKS = YES;
				GCC_OPTIMIZATION_LEVEL = 0;
				GCC_PREPROCESSOR_DEFINITIONS = (
					"DEBUG=1",
					"$(inherited)",
				);
				GCC_WARN_64_TO_32_BIT_CONVERSION = YES;
				GCC_WARN_ABOUT_RETURN_TYPE = YES_ERROR;
				GCC_WARN_UNDECLARED_SELECTOR = YES;
				GCC_WARN_UNINITIALIZED_AUTOS = YES_AGGRESSIVE;
				GCC_WARN_UNUSED_FUNCTION = YES;
				GCC_WARN_UNUSED_VARIABLE = YES;
				IPHONEOS_DEPLOYMENT_TARGET = 26.0;
				LOCALIZATION_PREFERS_STRING_CATALOGS = YES;
				MTL_ENABLE_DEBUG_INFO = INCLUDE_SOURCE;
				MTL_FAST_MATH = YES;
				ONLY_ACTIVE_ARCH = YES;
				SDKROOT = iphoneos;
				SWIFT_ACTIVE_COMPILATION_CONDITIONS = "DEBUG $(inherited)";
				SWIFT_OPTIMIZATION_LEVEL = "-Onone";
			};
			name = Debug;
		};
		CA682C2430686EC200348BBE /* Release configuration for PBXProject "Friendster" */ = {
			isa = XCBuildConfiguration;
			buildSettings = {
				ALWAYS_SEARCH_USER_PATHS = NO;
				ASSETCATALOG_COMPILER_GENERATE_SWIFT_ASSET_SYMBOL_EXTENSIONS = YES;
				CLANG_ANALYZER_NONNULL = YES;
				CLANG_ANALYZER_NUMBER_OBJECT_CONVERSION = YES_AGGRESSIVE;
				CLANG_CXX_LANGUAGE_STANDARD = "gnu++20";
				CLANG_ENABLE_MODULES = YES;
				CLANG_ENABLE_OBJC_ARC = YES;
				CLANG_ENABLE_OBJC_WEAK = YES;
				CLANG_WARN_BLOCK_CAPTURE_AUTORELEASING = YES;
				CLANG_WARN_BOOL_CONVERSION = YES;
				CLANG_WARN_COMMA = YES;
				CLANG_WARN_CONSTANT_CONVERSION = YES;
				CLANG_WARN_DEPRECATED_OBJC_IMPLEMENTATIONS = YES;
				CLANG_WARN_DIRECT_OBJC_ISA_USAGE = YES_ERROR;
				CLANG_WARN_DOCUMENTATION_COMMENTS = YES;
				CLANG_WARN_EMPTY_BODY = YES;
				CLANG_WARN_ENUM_CONVERSION = YES;
				CLANG_WARN_INFINITE_RECURSION = YES;
				CLANG_WARN_INT_CONVERSION = YES;
				CLANG_WARN_NON_LITERAL_NULL_CONVERSION = YES;
				CLANG_WARN_OBJC_IMPLICIT_RETAIN_SELF = YES;
				CLANG_WARN_OBJC_LITERAL_CONVERSION = YES;
				CLANG_WARN_OBJC_ROOT_CLASS = YES_ERROR;
				CLANG_WARN_QUOTED_INCLUDE_IN_FRAMEWORK_HEADER = YES;
				CLANG_WARN_RANGE_LOOP_ANALYSIS = YES;
				CLANG_WARN_STRICT_PROTOTYPES = YES;
				CLANG_WARN_SUSPICIOUS_MOVE = YES;
				CLANG_WARN_UNGUARDED_AVAILABILITY = YES_AGGRESSIVE;
				CLANG_WARN_UNREACHABLE_CODE = YES;
				CLANG_WARN__DUPLICATE_METHOD_MATCH = YES;
				COPY_PHASE_STRIP = NO;
				DEBUG_INFORMATION_FORMAT = "dwarf-with-dsym";
				DEVELOPMENT_TEAM = K6C4BU5254;
				ENABLE_NS_ASSERTIONS = NO;
				ENABLE_STRICT_OBJC_MSGSEND = YES;
				ENABLE_USER_SCRIPT_SANDBOXING = YES;
				GCC_C_LANGUAGE_STANDARD = gnu17;
				GCC_NO_COMMON_BLOCKS = YES;
				GCC_WARN_64_TO_32_BIT_CONVERSION = YES;
				GCC_WARN_ABOUT_RETURN_TYPE = YES_ERROR;
				GCC_WARN_UNDECLARED_SELECTOR = YES;
				GCC_WARN_UNINITIALIZED_AUTOS = YES_AGGRESSIVE;
				GCC_WARN_UNUSED_FUNCTION = YES;
				GCC_WARN_UNUSED_VARIABLE = YES;
				IPHONEOS_DEPLOYMENT_TARGET = 26.0;
				LOCALIZATION_PREFERS_STRING_CATALOGS = YES;
				MTL_ENABLE_DEBUG_INFO = NO;
				MTL_FAST_MATH = YES;
				SDKROOT = iphoneos;
				SWIFT_COMPILATION_MODE = wholemodule;
				VALIDATE_PRODUCT = YES;
			};
			name = Release;
		};
		CA682C2630686EC200348BBE /* Debug configuration for PBXNativeTarget "Friendster" */ = {
			isa = XCBuildConfiguration;
			buildSettings = {
				ASSETCATALOG_COMPILER_APPICON_NAME = AppIcon;
				ASSETCATALOG_COMPILER_GLOBAL_ACCENT_COLOR_NAME = AccentColor;
				CODE_SIGN_STYLE = Automatic;
				CURRENT_PROJECT_VERSION = 1;
				DEVELOPMENT_TEAM = K6C4BU5254;
				ENABLE_PREVIEWS = YES;
				GENERATE_INFOPLIST_FILE = YES;
				INFOPLIST_FILE = Friendster/Info.plist;
				INFOPLIST_KEY_ITSAppUsesNonExemptEncryption = NO;
				INFOPLIST_KEY_NSCameraUsageDescription = "Friendster uses the camera so you can take photos and videos to share with your family.";
				INFOPLIST_KEY_NSLocalNetworkUsageDescription = "Friendster connects to your family's server, which may be on your local network.";
				INFOPLIST_KEY_NSLocationWhenInUseUsageDescription = "Friendster uses your location only when you choose to add a place to a post.";
				INFOPLIST_KEY_NSMicrophoneUsageDescription = "Friendster records sound when you film a video.";
				INFOPLIST_KEY_NSPhotoLibraryAddUsageDescription = "Friendster saves photos and videos you choose to your library, including their caption and location if you allow it.";
				INFOPLIST_KEY_UIApplicationSceneManifest_Generation = YES;
				INFOPLIST_KEY_UIApplicationSupportsIndirectInputEvents = YES;
				INFOPLIST_KEY_UILaunchScreen_Generation = YES;
				INFOPLIST_KEY_UISupportedInterfaceOrientations_iPad = "UIInterfaceOrientationPortrait UIInterfaceOrientationPortraitUpsideDown UIInterfaceOrientationLandscapeLeft UIInterfaceOrientationLandscapeRight";
				INFOPLIST_KEY_UISupportedInterfaceOrientations_iPhone = "UIInterfaceOrientationPortrait UIInterfaceOrientationLandscapeLeft UIInterfaceOrientationLandscapeRight";
				LD_RUNPATH_SEARCH_PATHS = (
					"$(inherited)",
					"@executable_path/Frameworks",
				);
				MARKETING_VERSION = 1.0;
				PRODUCT_BUNDLE_IDENTIFIER = cloud.mallwitz.friendster;
				PRODUCT_NAME = "$(TARGET_NAME)";
				STRING_CATALOG_GENERATE_SYMBOLS = YES;
				SWIFT_APPROACHABLE_CONCURRENCY = YES;
				SWIFT_DEFAULT_ACTOR_ISOLATION = MainActor;
				SWIFT_EMIT_LOC_STRINGS = YES;
				SWIFT_UPCOMING_FEATURE_MEMBER_IMPORT_VISIBILITY = YES;
				SWIFT_VERSION = 5.0;
				TARGETED_DEVICE_FAMILY = "1,2";
			};
			name = Debug;
		};
		CA682C2730686EC200348BBE /* Release configuration for PBXNativeTarget "Friendster" */ = {
			isa = XCBuildConfiguration;
			buildSettings = {
				ASSETCATALOG_COMPILER_APPICON_NAME = AppIcon;
				ASSETCATALOG_COMPILER_GLOBAL_ACCENT_COLOR_NAME = AccentColor;
				CODE_SIGN_STYLE = Automatic;
				CURRENT_PROJECT_VERSION = 1;
				DEVELOPMENT_TEAM = K6C4BU5254;
				ENABLE_PREVIEWS = YES;
				GENERATE_INFOPLIST_FILE = YES;
				INFOPLIST_FILE = Friendster/Info.plist;
				INFOPLIST_KEY_ITSAppUsesNonExemptEncryption = NO;
				INFOPLIST_KEY_NSCameraUsageDescription = "Friendster uses the camera so you can take photos and videos to share with your family.";
				INFOPLIST_KEY_NSLocalNetworkUsageDescription = "Friendster connects to your family's server, which may be on your local network.";
				INFOPLIST_KEY_NSLocationWhenInUseUsageDescription = "Friendster uses your location only when you choose to add a place to a post.";
				INFOPLIST_KEY_NSMicrophoneUsageDescription = "Friendster records sound when you film a video.";
				INFOPLIST_KEY_NSPhotoLibraryAddUsageDescription = "Friendster saves photos and videos you choose to your library, including their caption and location if you allow it.";
				INFOPLIST_KEY_UIApplicationSceneManifest_Generation = YES;
				INFOPLIST_KEY_UIApplicationSupportsIndirectInputEvents = YES;
				INFOPLIST_KEY_UILaunchScreen_Generation = YES;
				INFOPLIST_KEY_UISupportedInterfaceOrientations_iPad = "UIInterfaceOrientationPortrait UIInterfaceOrientationPortraitUpsideDown UIInterfaceOrientationLandscapeLeft UIInterfaceOrientationLandscapeRight";
				INFOPLIST_KEY_UISupportedInterfaceOrientations_iPhone = "UIInterfaceOrientationPortrait UIInterfaceOrientationLandscapeLeft UIInterfaceOrientationLandscapeRight";
				LD_RUNPATH_SEARCH_PATHS = (
					"$(inherited)",
					"@executable_path/Frameworks",
				);
				MARKETING_VERSION = 1.0;
				PRODUCT_BUNDLE_IDENTIFIER = cloud.mallwitz.friendster;
				PRODUCT_NAME = "$(TARGET_NAME)";
				STRING_CATALOG_GENERATE_SYMBOLS = YES;
				SWIFT_APPROACHABLE_CONCURRENCY = YES;
				SWIFT_DEFAULT_ACTOR_ISOLATION = MainActor;
				SWIFT_EMIT_LOC_STRINGS = YES;
				SWIFT_UPCOMING_FEATURE_MEMBER_IMPORT_VISIBILITY = YES;
				SWIFT_VERSION = 5.0;
				TARGETED_DEVICE_FAMILY = "1,2";
			};
			name = Release;
		};
		CA682C6B3069068800348BBE /* Debug configuration for PBXNativeTarget "FriendsterTests" */ = {
			isa = XCBuildConfiguration;
			buildSettings = {
				BUNDLE_LOADER = "$(TEST_HOST)";
				CODE_SIGN_STYLE = Automatic;
				CURRENT_PROJECT_VERSION = 1;
				GENERATE_INFOPLIST_FILE = YES;
				IPHONEOS_DEPLOYMENT_TARGET = 26.0;
				MARKETING_VERSION = 1.0;
				PRODUCT_BUNDLE_IDENTIFIER = cloud.mallwitz.friendster.tests;
				PRODUCT_NAME = "$(TARGET_NAME)";
				SDKROOT = iphoneos;
				STRING_CATALOG_GENERATE_SYMBOLS = NO;
				SUPPORTED_PLATFORMS = "iphoneos iphonesimulator";
				SWIFT_APPROACHABLE_CONCURRENCY = YES;
				SWIFT_EMIT_LOC_STRINGS = NO;
				SWIFT_UPCOMING_FEATURE_MEMBER_IMPORT_VISIBILITY = YES;
				SWIFT_VERSION = 5.0;
				TARGETED_DEVICE_FAMILY = "1,2";
				TEST_HOST = "$(BUILT_PRODUCTS_DIR)/Friendster.app/$(BUNDLE_EXECUTABLE_FOLDER_PATH)/Friendster";
			};
			name = Debug;
		};
		CA682C6C3069068800348BBE /* Release configuration for PBXNativeTarget "FriendsterTests" */ = {
			isa = XCBuildConfiguration;
			buildSettings = {
				BUNDLE_LOADER = "$(TEST_HOST)";
				CODE_SIGN_STYLE = Automatic;
				CURRENT_PROJECT_VERSION = 1;
				GENERATE_INFOPLIST_FILE = YES;
				IPHONEOS_DEPLOYMENT_TARGET = 26.0;
				MARKETING_VERSION = 1.0;
				PRODUCT_BUNDLE_IDENTIFIER = cloud.mallwitz.friendster.tests;
				PRODUCT_NAME = "$(TARGET_NAME)";
				SDKROOT = iphoneos;
				STRING_CATALOG_GENERATE_SYMBOLS = NO;
				SUPPORTED_PLATFORMS = "iphoneos iphonesimulator";
				SWIFT_APPROACHABLE_CONCURRENCY = YES;
				SWIFT_EMIT_LOC_STRINGS = NO;
				SWIFT_UPCOMING_FEATURE_MEMBER_IMPORT_VISIBILITY = YES;
				SWIFT_VERSION = 5.0;
				TARGETED_DEVICE_FAMILY = "1,2";
				TEST_HOST = "$(BUILT_PRODUCTS_DIR)/Friendster.app/$(BUNDLE_EXECUTABLE_FOLDER_PATH)/Friendster";
			};
			name = Release;
		};
/* End XCBuildConfiguration section */

/* Begin XCConfigurationList section */
		CA682C1530686EC100348BBE /* Build configuration list for PBXProject "Friendster" */ = {
			isa = XCConfigurationList;
			buildConfigurations = (
				CA682C2330686EC200348BBE /* Debug configuration for PBXProject "Friendster" */,
				CA682C2430686EC200348BBE /* Release configuration for PBXProject "Friendster" */,
			);
			defaultConfigurationName = Release;
		};
		CA682C2530686EC200348BBE /* Build configuration list for PBXNativeTarget "Friendster" */ = {
			isa = XCConfigurationList;
			buildConfigurations = (
				CA682C2630686EC200348BBE /* Debug configuration for PBXNativeTarget "Friendster" */,
				CA682C2730686EC200348BBE /* Release configuration for PBXNativeTarget "Friendster" */,
			);
			defaultConfigurationName = Release;
		};
		CA682C6A3069068800348BBE /* Build configuration list for PBXNativeTarget "FriendsterTests" */ = {
			isa = XCConfigurationList;
			buildConfigurations = (
				CA682C6B3069068800348BBE /* Debug configuration for PBXNativeTarget "FriendsterTests" */,
				CA682C6C3069068800348BBE /* Release configuration for PBXNativeTarget "FriendsterTests" */,
			);
			defaultConfigurationName = Release;
		};
/* End XCConfigurationList section */

/* Begin XCLocalSwiftPackageReference section */
		CAF0A0012FA0000000000003 /* XCLocalSwiftPackageReference "Shared/FriendsterAPI" */ = {
			isa = XCLocalSwiftPackageReference;
			relativePath = Shared/FriendsterAPI;
		};
/* End XCLocalSwiftPackageReference section */

/* Begin XCSwiftPackageProductDependency section */
		CAF0A0012FA0000000000002 /* FriendsterAPI */ = {
			isa = XCSwiftPackageProductDependency;
			productName = FriendsterAPI;
		};
/* End XCSwiftPackageProductDependency section */
	};
	rootObject = CA682C1230686EC100348BBE /* Project object */;
	validationLevel = 1;
}
